
Microsoft Visual Studio Solution File, Format Version 12.00
# Visual Studio 14
VisualStudioVersion = 14.0.24720.0
MinimumVisualStudioVersion = 10.0.40219.1
Project("{FAE04EC0-301F-11D3-BF4B-00C04F79EFBC}") = "Codeless.SharePoint", "Codeless.SharePoint\Codeless.SharePoint.csproj", "{98FED525-A528-4868-AC09-01C90E95DBD3}"
EndProject
Project("{FAE04EC0-301F-11D3-BF4B-00C04F79EFBC}") = "Codeless.SharePoint.Package", "Codeless.SharePoint.Package\Codeless.SharePoint.Package.csproj", "{A5839E8A-61D1-4299-9BD8-48F14F4272FE}"
	ProjectSection(ProjectDependencies) = postProject
		{98FED525-A528-4868-AC09-01C90E95DBD3} = {98FED525-A528-4868-AC09-01C90E95DBD3}
		{E0C0057C-A91F-41B1-9F55-081E288C3B05} = {E0C0057C-A91F-41B1-9F55-081E288C3B05}
	EndProjectSection
EndProject
Project("{FAE04EC0-301F-11D3-BF4B-00C04F79EFBC}") = "Codeless.SharePoint.PowerShell", "Codeless.SharePoint.PowerShell\Codeless.SharePoint.PowerShell.csproj", "{E0C0057C-A91F-41B1-9F55-081E288C3B05}"
EndProject
Global
	GlobalSection(SolutionConfigurationPlatforms) = preSolution
		Debug|Any CPU = Debug|Any CPU
		Release|Any CPU = Release|Any CPU
	EndGlobalSection
	GlobalSection(ProjectConfigurationPlatforms) = postSolution
		{98FED525-A528-4868-AC09-01C90E95DBD3}.Debug|Any CPU.ActiveCfg = Debug|Any CPU
		{98FED525-A528-4868-AC09-01C90E95DBD3}.Debug|Any CPU.Build.0 = Debug|Any CPU
		{98FED525-A528-4868-AC09-01C90E95DBD3}.Release|Any CPU.ActiveCfg = Debug|Any CPU
		{98FED525-A528-4868-AC09-01C90E95DBD3}.Release|Any CPU.Build.0 = Debug|Any CPU
		{A5839E8A-61D1-4299-9BD8-48F14F4272FE}.Debug|Any CPU.ActiveCfg = Debug|Any CPU
		{A5839E8A-61D1-4299-9BD8-48F14F4272FE}.Debug|Any CPU.Build.0 = Debug|Any CPU
		{A5839E8A-61D1-4299-9BD8-48F14F4272FE}.Debug|Any CPU.Deploy.0 = Debug|Any CPU
		{A5839E8A-61D1-4299-9BD8-48F14F4272FE}.Release|Any CPU.ActiveCfg = Debug|Any CPU
		{A5839E8A-61D1-4299-9BD8-48F14F4272FE}.Release|Any CPU.Build.0 = Debug|Any CPU
		{A5839E8A-61D1-4299-9BD8-48F14F4272FE}.Release|Any CPU.Deploy.0 = Debug|Any CPU
		{E0C0057C-A91F-41B1-9F55-081E288C3B05}.Debug|Any CPU.ActiveCfg = Debug|Any CPU
		{E0C0057C-A91F-41B1-9F55-081E288C3B05}.Debug|Any CPU.Build.0 = Debug|Any CPU
		{E0C0057C-A91F-41B1-9F55-081E288C3B05}.Release|Any CPU.ActiveCfg = Debug|Any CPU
		{E0C0057C-A91F-41B1-9F55-081E288C3B05}.Release|Any CPU.Build.0 = Debug|Any CPU
	EndGlobalSection
	GlobalSection(SolutionProperties) = preSolution
		HideSolutionNode = FALSE
	EndGlobalSection
	GlobalSection(ExtensibilityGlobals) = postSolution
		EnterpriseLibraryConfigurationToolBinariesPath = packages\Unity.2.1.505.0\lib\NET35;packages\Unity.Interception.2.1.505.0\lib\NET35;packages\EnterpriseLibrary.Common.5.0.505.0\lib\NET35;packages\EnterpriseLibrary.Logging.5.0.505.1\lib\NET35;packages\EnterpriseLibrary.Validation.5.0.505.0\lib\NET35
	EndGlobalSection
EndGlobal
